// !$*UTF8*$!
{
	archiveVersion = 1;
	classes = {
	};
	objectVersion = 46;
	objects = {

/* Begin PBXAggregateTarget section */
		5CFCAB1E11060985007CE55F /* Everything */ = {
			isa = PBXAggregateTarget;
			buildConfigurationList = 5CFCAB24110609AA007CE55F /* Build configuration list for PBXAggregateTarget "Everything" */;
			buildPhases = (
			);
			dependencies = (
				E12A27001201E32000CE8C55 /* PBXTargetDependency */,
			);
			name = Everything;
			productName = Everything;
		};
		E12A26F81201E2FB00CE8C55 /* Install */ = {
			isa = PBXAggregateTarget;
			buildConfigurationList = E12A27091201E34D00CE8C55 /* Build configuration list for PBXAggregateTarget "Install" */;
			buildPhases = (
				E12A26F71201E2FB00CE8C55 /* CopyFiles */,
			);
			dependencies = (
				E12A26FB1201E30500CE8C55 /* PBXTargetDependency */,
			);
			name = Install;
			productName = Install;
		};
/* End PBXAggregateTarget section */

/* Begin PBXBuildFile section */
		5CF9AEBC0FD5795C00F405F6 /* EyelinkPlugin.cpp in Sources */ = {isa = PBXBuildFile; fileRef = 5CF9AEB90FD5795C00F405F6 /* EyelinkPlugin.cpp */; };
		5CFE591A0F571B15000C7F30 /* Eyelink.cpp in Sources */ = {isa = PBXBuildFile; fileRef = 5CFE59190F571B15000C7F30 /* Eyelink.cpp */; };
		BFBFB0D610446C180019216B /* MWorksCore.framework in Frameworks */ = {isa = PBXBuildFile; fileRef = BFBFB0D510446C180019216B /* MWorksCore.framework */; };
		E12A26FD1201E31400CE8C55 /* Eyelink.bundle in CopyFiles */ = {isa = PBXBuildFile; fileRef = 8D5B49B6048680CD000E48DA /* Eyelink.bundle */; };
		E15D0B2A16C2C6A300F331B1 /* eyelink_core.framework in Frameworks */ = {isa = PBXBuildFile; fileRef = E15D0B2916C2C6A300F331B1 /* eyelink_core.framework */; };
		E16996712177CE440080F750 /* EyelinkTrackerSetupAction.cpp in Sources */ = {isa = PBXBuildFile; fileRef = E169966F2177CE440080F750 /* EyelinkTrackerSetupAction.cpp */; };
		E1E07EAD1C04F4A7008DD97E /* MWComponents.yaml in Resources */ = {isa = PBXBuildFile; fileRef = E1E07EAC1C04F4A7008DD97E /* MWComponents.yaml */; };
/* End PBXBuildFile section */

/* Begin PBXContainerItemProxy section */
		E12A26FA1201E30500CE8C55 /* PBXContainerItemProxy */ = {
			isa = PBXContainerItemProxy;
			containerPortal = 089C1669FE841209C02AAC07 /* Project object */;
			proxyType = 1;
			remoteGlobalIDString = 8D5B49AC048680CD000E48DA;
			remoteInfo = Eyelink;
		};
		E12A26FF1201E32000CE8C55 /* PBXContainerItemProxy */ = {
			isa = PBXContainerItemProxy;
			containerPortal = 089C1669FE841209C02AAC07 /* Project object */;
			proxyType = 1;
			remoteGlobalIDString = E12A26F81201E2FB00CE8C55;
			remoteInfo = Install;
		};
/* End PBXContainerItemProxy section */

/* Begin PBXCopyFilesBuildPhase section */
		E12A26F71201E2FB00CE8C55 /* CopyFiles */ = {
			isa = PBXCopyFilesBuildPhase;
			buildActionMask = 2147483647;
			dstPath = "$(MW_PLUGINS_DIR)";
			dstSubfolderSpec = 0;
			files = (
				E12A26FD1201E31400CE8C55 /* Eyelink.bundle in CopyFiles */,
			);
			runOnlyForDeploymentPostprocessing = 0;
		};
/* End PBXCopyFilesBuildPhase section */

/* Begin PBXFileReference section */
		32DBCF630370AF2F00C91783 /* Eyelink_Prefix.pch */ = {isa = PBXFileReference; fileEncoding = 4; lastKnownFileType = sourcecode.c.h; path = Eyelink_Prefix.pch; sourceTree = "<group>"; };
		5CF9AEB90FD5795C00F405F6 /* EyelinkPlugin.cpp */ = {isa = PBXFileReference; fileEncoding = 4; lastKnownFileType = sourcecode.cpp.cpp; path = EyelinkPlugin.cpp; sourceTree = SOURCE_ROOT; };
		5CFE59180F571B15000C7F30 /* Eyelink.h */ = {isa = PBXFileReference; fileEncoding = 4; lastKnownFileType = sourcecode.c.h; path = Eyelink.h; sourceTree = SOURCE_ROOT; };
		5CFE59190F571B15000C7F30 /* Eyelink.cpp */ = {isa = PBXFileReference; fileEncoding = 4; lastKnownFileType = sourcecode.cpp.cpp; path = Eyelink.cpp; sourceTree = SOURCE_ROOT; };
		8D5B49B6048680CD000E48DA /* Eyelink.bundle */ = {isa = PBXFileReference; explicitFileType = wrapper.cfbundle; includeInIndex = 0; path = Eyelink.bundle; sourceTree = BUILT_PRODUCTS_DIR; };
		8D5B49B7048680CD000E48DA /* Eyelink-Info.plist */ = {isa = PBXFileReference; fileEncoding = 4; lastKnownFileType = text.plist.xml; path = "Eyelink-Info.plist"; sourceTree = "<group>"; };
		BFBFB0D510446C180019216B /* MWorksCore.framework */ = {isa = PBXFileReference; lastKnownFileType = wrapper.framework; name = MWorksCore.framework; path = /Library/Frameworks/MWorksCore.framework; sourceTree = "<absolute>"; };
		E15D0B2916C2C6A300F331B1 /* eyelink_core.framework */ = {isa = PBXFileReference; lastKnownFileType = wrapper.framework; name = eyelink_core.framework; path = /Library/Frameworks/eyelink_core.framework; sourceTree = "<absolute>"; };
		E169966F2177CE440080F750 /* EyelinkTrackerSetupAction.cpp */ = {isa = PBXFileReference; lastKnownFileType = sourcecode.cpp.cpp; path = EyelinkTrackerSetupAction.cpp; sourceTree = "<group>"; };
		E16996702177CE440080F750 /* EyelinkTrackerSetupAction.hpp */ = {isa = PBXFileReference; lastKnownFileType = sourcecode.cpp.h; path = EyelinkTrackerSetupAction.hpp; sourceTree = "<group>"; };
		E1E07EAC1C04F4A7008DD97E /* MWComponents.yaml */ = {isa = PBXFileReference; fileEncoding = 4; lastKnownFileType = text; path = MWComponents.yaml; sourceTree = "<group>"; };
		E1F7696222BD402A00024441 /* macOS_Plugin.xcconfig */ = {isa = PBXFileReference; lastKnownFileType = text.xcconfig; path = macOS_Plugin.xcconfig; sourceTree = "<group>"; };
		E1F7696322BD402A00024441 /* macOS.xcconfig */ = {isa = PBXFileReference; lastKnownFileType = text.xcconfig; path = macOS.xcconfig; sourceTree = "<group>"; };
/* End PBXFileReference section */

/* Begin PBXFrameworksBuildPhase section */
		8D5B49B3048680CD000E48DA /* Frameworks */ = {
			isa = PBXFrameworksBuildPhase;
			buildActionMask = 2147483647;
			files = (
				BFBFB0D610446C180019216B /* MWorksCore.framework in Frameworks */,
				E15D0B2A16C2C6A300F331B1 /* eyelink_core.framework in Frameworks */,
			);
			runOnlyForDeploymentPostprocessing = 0;
		};
/* End PBXFrameworksBuildPhase section */

/* Begin PBXGroup section */
		089C166AFE841209C02AAC07 /* Eyelink */ = {
			isa = PBXGroup;
			children = (
				5C78EE69115D02C700151A76 /* External Config */,
				08FB77AFFE84173DC02AAC07 /* Classes */,
				089C167CFE841241C02AAC07 /* Supporting Files */,
				089C1671FE841209C02AAC07 /* Frameworks */,
				19C28FB8FE9D52D311CA2CBB /* Products */,
			);
			name = Eyelink;
			sourceTree = "<group>";
		};
		089C1671FE841209C02AAC07 /* Frameworks */ = {
			isa = PBXGroup;
			children = (
				BFBFB0D510446C180019216B /* MWorksCore.framework */,
				E15D0B2916C2C6A300F331B1 /* eyelink_core.framework */,
			);
			name = Frameworks;
			sourceTree = "<group>";
		};
		089C167CFE841241C02AAC07 /* Supporting Files */ = {
			isa = PBXGroup;
			children = (
				8D5B49B7048680CD000E48DA /* Eyelink-Info.plist */,
				32DBCF630370AF2F00C91783 /* Eyelink_Prefix.pch */,
				E1E07EAC1C04F4A7008DD97E /* MWComponents.yaml */,
			);
			name = "Supporting Files";
			sourceTree = "<group>";
		};
		08FB77AFFE84173DC02AAC07 /* Classes */ = {
			isa = PBXGroup;
			children = (
				E169966E2177CDEF0080F750 /* Actions */,
				5CFE59180F571B15000C7F30 /* Eyelink.h */,
				5CFE59190F571B15000C7F30 /* Eyelink.cpp */,
				5CF9AEB90FD5795C00F405F6 /* EyelinkPlugin.cpp */,
			);
			name = Classes;
			sourceTree = "<group>";
		};
		19C28FB8FE9D52D311CA2CBB /* Products */ = {
			isa = PBXGroup;
			children = (
				8D5B49B6048680CD000E48DA /* Eyelink.bundle */,
			);
			name = Products;
			sourceTree = "<group>";
		};
		5C78EE69115D02C700151A76 /* External Config */ = {
			isa = PBXGroup;
			children = (
				E1F7696322BD402A00024441 /* macOS.xcconfig */,
				E1F7696222BD402A00024441 /* macOS_Plugin.xcconfig */,
			);
			name = "External Config";
			path = "/Library/Application Support/MWorks/Developer/Xcode";
			sourceTree = "<absolute>";
		};
		E169966E2177CDEF0080F750 /* Actions */ = {
			isa = PBXGroup;
			children = (
				E16996702177CE440080F750 /* EyelinkTrackerSetupAction.hpp */,
				E169966F2177CE440080F750 /* EyelinkTrackerSetupAction.cpp */,
			);
			path = Actions;
			sourceTree = "<group>";
		};
/* End PBXGroup section */

/* Begin PBXNativeTarget section */
		8D5B49AC048680CD000E48DA /* Eyelink */ = {
			isa = PBXNativeTarget;
			buildConfigurationList = 1DEB913A08733D840010E9CD /* Build configuration list for PBXNativeTarget "Eyelink" */;
			buildPhases = (
				8D5B49AF048680CD000E48DA /* Resources */,
				8D5B49B1048680CD000E48DA /* Sources */,
				8D5B49B3048680CD000E48DA /* Frameworks */,
				E1A479441535F4C200EC3CD4 /* ShellScript */,
			);
			buildRules = (
			);
			dependencies = (
			);
			name = Eyelink;
			productInstallPath = "$(HOME)/Library/Bundles";
			productName = Eyelink;
			productReference = 8D5B49B6048680CD000E48DA /* Eyelink.bundle */;
			productType = "com.apple.product-type.bundle";
		};
/* End PBXNativeTarget section */

/* Begin PBXProject section */
		089C1669FE841209C02AAC07 /* Project object */ = {
			isa = PBXProject;
			attributes = {
				LastUpgradeCheck = 0460;
				TargetAttributes = {
					5CFCAB1E11060985007CE55F = {
						ProvisioningStyle = Automatic;
					};
					8D5B49AC048680CD000E48DA = {
						ProvisioningStyle = Automatic;
					};
					E12A26F81201E2FB00CE8C55 = {
						ProvisioningStyle = Automatic;
					};
				};
			};
			buildConfigurationList = 1DEB913E08733D840010E9CD /* Build configuration list for PBXProject "Eyelink" */;
			compatibilityVersion = "Xcode 3.2";
			developmentRegion = English;
			hasScannedForEncodings = 1;
			knownRegions = (
				English,
				Japanese,
				French,
				German,
			);
			mainGroup = 089C166AFE841209C02AAC07 /* Eyelink */;
			projectDirPath = "";
			projectRoot = "";
			targets = (
				8D5B49AC048680CD000E48DA /* Eyelink */,
				E12A26F81201E2FB00CE8C55 /* Install */,
				5CFCAB1E11060985007CE55F /* Everything */,
			);
		};
/* End PBXProject section */

/* Begin PBXResourcesBuildPhase section */
		8D5B49AF048680CD000E48DA /* Resources */ = {
			isa = PBXResourcesBuildPhase;
			buildActionMask = 2147483647;
			files = (
				E1E07EAD1C04F4A7008DD97E /* MWComponents.yaml in Resources */,
			);
			runOnlyForDeploymentPostprocessing = 0;
		};
/* End PBXResourcesBuildPhase section */

/* Begin PBXShellScriptBuildPhase section */
		E1A479441535F4C200EC3CD4 /* ShellScript */ = {
			isa = PBXShellScriptBuildPhase;
			buildActionMask = 2147483647;
			files = (
			);
			inputPaths = (
			);
			outputPaths = (
			);
			runOnlyForDeploymentPostprocessing = 0;
			shellPath = /bin/sh;
			shellScript = "# Edit the plugin binary to link against /Library/Frameworks/eyelink_core.framework instead of a private copy\n/usr/bin/xcrun install_name_tool -change \\\n  \"@executable_path/../Frameworks/eyelink_core.framework/Versions/A/eyelink_core\" \\\n  \"/Library/Frameworks/eyelink_core.framework/Versions/A/eyelink_core\" \\\n  \"${BUILT_PRODUCTS_DIR}/${EXECUTABLE_PATH}\"";
		};
/* End PBXShellScriptBuildPhase section */

/* Begin PBXSourcesBuildPhase section */
		8D5B49B1048680CD000E48DA /* Sources */ = {
			isa = PBXSourcesBuildPhase;
			buildActionMask = 2147483647;
			files = (
				5CFE591A0F571B15000C7F30 /* Eyelink.cpp in Sources */,
				E16996712177CE440080F750 /* EyelinkTrackerSetupAction.cpp in Sources */,
				5CF9AEBC0FD5795C00F405F6 /* EyelinkPlugin.cpp in Sources */,
			);
			runOnlyForDeploymentPostprocessing = 0;
		};
/* End PBXSourcesBuildPhase section */

/* Begin PBXTargetDependency section */
		E12A26FB1201E30500CE8C55 /* PBXTargetDependency */ = {
			isa = PBXTargetDependency;
			target = 8D5B49AC048680CD000E48DA /* Eyelink */;
			targetProxy = E12A26FA1201E30500CE8C55 /* PBXContainerItemProxy */;
		};
		E12A27001201E32000CE8C55 /* PBXTargetDependency */ = {
			isa = PBXTargetDependency;
			target = E12A26F81201E2FB00CE8C55 /* Install */;
			targetProxy = E12A26FF1201E32000CE8C55 /* PBXContainerItemProxy */;
		};
/* End PBXTargetDependency section */

/* Begin XCBuildConfiguration section */
		1DEB913B08733D840010E9CD /* Development */ = {
			isa = XCBuildConfiguration;
			baseConfigurationReference = E1F7696222BD402A00024441 /* macOS_Plugin.xcconfig */;
			buildSettings = {
				GCC_PRECOMPILE_PREFIX_HEADER = YES;
				GCC_PREFIX_HEADER = Eyelink_Prefix.pch;
				INFOPLIST_FILE = "Eyelink-Info.plist";
				OTHER_LDFLAGS = (
					"$(inherited)",
					"-headerpad_max_install_names",
				);
				PRODUCT_BUNDLE_IDENTIFIER = "org.mworks-project.Eyelink";
				PRODUCT_NAME = Eyelink;
			};
			name = Development;
		};
		1DEB913F08733D840010E9CD /* Development */ = {
			isa = XCBuildConfiguration;
			buildSettings = {
			};
			name = Development;
		};
		5CFCAB1F11060986007CE55F /* Development */ = {
			isa = XCBuildConfiguration;
			baseConfigurationReference = E1F7696322BD402A00024441 /* macOS.xcconfig */;
			buildSettings = {
				PRODUCT_NAME = Everything;
			};
			name = Development;
		};
		E12A26F91201E2FB00CE8C55 /* Development */ = {
			isa = XCBuildConfiguration;
			baseConfigurationReference = E1F7696322BD402A00024441 /* macOS.xcconfig */;
			buildSettings = {
				PRODUCT_NAME = Install;
			};
			name = Development;
		};
/* End XCBuildConfiguration section */

/* Begin XCConfigurationList section */
		1DEB913A08733D840010E9CD /* Build configuration list for PBXNativeTarget "Eyelink" */ = {
			isa = XCConfigurationList;
			buildConfigurations = (
				1DEB913B08733D840010E9CD /* Development */,
			);
			defaultConfigurationIsVisible = 0;
			defaultConfigurationName = Development;
		};
		1DEB913E08733D840010E9CD /* Build configuration list for PBXProject "Eyelink" */ = {
			isa = XCConfigurationList;
			buildConfigurations = (
				1DEB913F08733D840010E9CD /* Development */,
			);
			defaultConfigurationIsVisible = 0;
			defaultConfigurationName = Development;
		};
		5CFCAB24110609AA007CE55F /* Build configuration list for PBXAggregateTarget "Everything" */ = {
			isa = XCConfigurationList;
			buildConfigurations = (
				5CFCAB1F11060986007CE55F /* Development */,
			);
			defaultConfigurationIsVisible = 0;
			defaultConfigurationName = Development;
		};
		E12A27091201E34D00CE8C55 /* Build configuration list for PBXAggregateTarget "Install" */ = {
			isa = XCConfigurationList;
			buildConfigurations = (
				E12A26F91201E2FB00CE8C55 /* Development */,
			);
			defaultConfigurationIsVisible = 0;
			defaultConfigurationName = Development;
		};
/* End XCConfigurationList section */
	};
	rootObject = 089C1669FE841209C02AAC07 /* Project object */;
}
